// !$*UTF8*$!
{
	archiveVersion = 1;
	classes = {
	};
	objectVersion = 50;
	objects = {

/* Begin PBXBuildFile section */
		762D5ED129A4F19C1BBDCF8A /* Pods_DTF_Feed_Client.framework in Frameworks */ = {isa = PBXBuildFile; fileRef = 425EC6F55EB9DDA6F1F04D51 /* Pods_DTF_Feed_Client.framework */; };
		8D0ABC9621380FEF006E1807 /* AppDelegate.swift in Sources */ = {isa = PBXBuildFile; fileRef = 8D0ABC9521380FEF006E1807 /* AppDelegate.swift */; };
		8D0ABC9B21380FEF006E1807 /* Main.storyboard in Resources */ = {isa = PBXBuildFile; fileRef = 8D0ABC9921380FEF006E1807 /* Main.storyboard */; };
		8D0ABC9D21380FF1006E1807 /* Assets.xcassets in Resources */ = {isa = PBXBuildFile; fileRef = 8D0ABC9C21380FF1006E1807 /* Assets.xcassets */; };
		8D0ABCA021380FF1006E1807 /* LaunchScreen.storyboard in Resources */ = {isa = PBXBuildFile; fileRef = 8D0ABC9E21380FF1006E1807 /* LaunchScreen.storyboard */; };
		8D0ABCAE21381375006E1807 /* FeedVC.swift in Sources */ = {isa = PBXBuildFile; fileRef = 8D0ABCAD21381375006E1807 /* FeedVC.swift */; };
		8D0ABCB121381490006E1807 /* ApiManager.swift in Sources */ = {isa = PBXBuildFile; fileRef = 8D0ABCB021381490006E1807 /* ApiManager.swift */; };
		8D0ABCB421381684006E1807 /* FeedAdapter.swift in Sources */ = {isa = PBXBuildFile; fileRef = 8D0ABCB321381684006E1807 /* FeedAdapter.swift */; };
		8D0ABCB8213816C3006E1807 /* Feed.swift in Sources */ = {isa = PBXBuildFile; fileRef = 8D0ABCB7213816C3006E1807 /* Feed.swift */; };
		8D0ABCBA2138193D006E1807 /* FeedViewModel.swift in Sources */ = {isa = PBXBuildFile; fileRef = 8D0ABCB92138193D006E1807 /* FeedViewModel.swift */; };
/* End PBXBuildFile section */

/* Begin PBXFileReference section */
		425EC6F55EB9DDA6F1F04D51 /* Pods_DTF_Feed_Client.framework */ = {isa = PBXFileReference; explicitFileType = wrapper.framework; includeInIndex = 0; path = Pods_DTF_Feed_Client.framework; sourceTree = BUILT_PRODUCTS_DIR; };
		4DAA1B0E49DC58B27D694F0A /* Pods-DTF Feed Client.release.xcconfig */ = {isa = PBXFileReference; includeInIndex = 1; lastKnownFileType = text.xcconfig; name = "Pods-DTF Feed Client.release.xcconfig"; path = "Pods/Target Support Files/Pods-DTF Feed Client/Pods-DTF Feed Client.release.xcconfig"; sourceTree = "<group>"; };
		8D0ABC9221380FEF006E1807 /* DTF Feed Client.app */ = {isa = PBXFileReference; explicitFileType = wrapper.application; includeInIndex = 0; path = "DTF Feed Client.app"; sourceTree = BUILT_PRODUCTS_DIR; };
		8D0ABC9521380FEF006E1807 /* AppDelegate.swift */ = {isa = PBXFileReference; lastKnownFileType = sourcecode.swift; path = AppDelegate.swift; sourceTree = "<group>"; };
		8D0ABC9A21380FEF006E1807 /* Base */ = {isa = PBXFileReference; lastKnownFileType = file.storyboard; name = Base; path = Base.lproj/Main.storyboard; sourceTree = "<group>"; };
		8D0ABC9C21380FF1006E1807 /* Assets.xcassets */ = {isa = PBXFileReference; lastKnownFileType = folder.assetcatalog; path = Assets.xcassets; sourceTree = "<group>"; };
		8D0ABC9F21380FF1006E1807 /* Base */ = {isa = PBXFileReference; lastKnownFileType = file.storyboard; name = Base; path = Base.lproj/LaunchScreen.storyboard; sourceTree = "<group>"; };
		8D0ABCA121380FF1006E1807 /* Info.plist */ = {isa = PBXFileReference; lastKnownFileType = text.plist.xml; path = Info.plist; sourceTree = "<group>"; };
		8D0ABCAD21381375006E1807 /* FeedVC.swift */ = {isa = PBXFileReference; lastKnownFileType = sourcecode.swift; path = FeedVC.swift; sourceTree = "<group>"; };
		8D0ABCB021381490006E1807 /* ApiManager.swift */ = {isa = PBXFileReference; lastKnownFileType = sourcecode.swift; path = ApiManager.swift; sourceTree = "<group>"; };
		8D0ABCB321381684006E1807 /* FeedAdapter.swift */ = {isa = PBXFileReference; lastKnownFileType = sourcecode.swift; path = FeedAdapter.swift; sourceTree = "<group>"; };
		8D0ABCB7213816C3006E1807 /* Feed.swift */ = {isa = PBXFileReference; lastKnownFileType = sourcecode.swift; path = Feed.swift; sourceTree = "<group>"; };
		8D0ABCB92138193D006E1807 /* FeedViewModel.swift */ = {isa = PBXFileReference; lastKnownFileType = sourcecode.swift; path = FeedViewModel.swift; sourceTree = "<group>"; };
		92BB9CFACCDFF6C924F3A63F /* Pods-DTF Feed Client.debug.xcconfig */ = {isa = PBXFileReference; includeInIndex = 1; lastKnownFileType = text.xcconfig; name = "Pods-DTF Feed Client.debug.xcconfig"; path = "Pods/Target Support Files/Pods-DTF Feed Client/Pods-DTF Feed Client.debug.xcconfig"; sourceTree = "<group>"; };
/* End PBXFileReference section */

/* Begin PBXFrameworksBuildPhase section */
		8D0ABC8F21380FEF006E1807 /* Frameworks */ = {
			isa = PBXFrameworksBuildPhase;
			buildActionMask = 2147483647;
			files = (
				762D5ED129A4F19C1BBDCF8A /* Pods_DTF_Feed_Client.framework in Frameworks */,
			);
			runOnlyForDeploymentPostprocessing = 0;
		};
/* End PBXFrameworksBuildPhase section */

/* Begin PBXGroup section */
		798974B12817DF5DAF70BA83 /* Frameworks */ = {
			isa = PBXGroup;
			children = (
				425EC6F55EB9DDA6F1F04D51 /* Pods_DTF_Feed_Client.framework */,
			);
			name = Frameworks;
			sourceTree = "<group>";
		};
		8D0ABC8921380FEF006E1807 = {
			isa = PBXGroup;
			children = (
				8D0ABC9421380FEF006E1807 /* DTF Feed Client */,
				8D0ABC9321380FEF006E1807 /* Products */,
				EE649CDC6873E7D2CC7A5665 /* Pods */,
				798974B12817DF5DAF70BA83 /* Frameworks */,
			);
			sourceTree = "<group>";
		};
		8D0ABC9321380FEF006E1807 /* Products */ = {
			isa = PBXGroup;
			children = (
				8D0ABC9221380FEF006E1807 /* DTF Feed Client.app */,
			);
			name = Products;
			sourceTree = "<group>";
		};
		8D0ABC9421380FEF006E1807 /* DTF Feed Client */ = {
			isa = PBXGroup;
			children = (
				8D0ABCB5213816A3006E1807 /* Classes */,
				8D0ABCA821381052006E1807 /* View Controllers */,
				8D0ABC9521380FEF006E1807 /* AppDelegate.swift */,
				8D0ABC9C21380FF1006E1807 /* Assets.xcassets */,
				8D0ABC9E21380FF1006E1807 /* LaunchScreen.storyboard */,
				8D0ABCA121380FF1006E1807 /* Info.plist */,
			);
			path = "DTF Feed Client";
			sourceTree = "<group>";
		};
		8D0ABCA821381052006E1807 /* View Controllers */ = {
			isa = PBXGroup;
			children = (
				8D0ABCAA2138106D006E1807 /* FeedVC */,
				8D0ABC9921380FEF006E1807 /* Main.storyboard */,
			);
			path = "View Controllers";
			sourceTree = "<group>";
		};
		8D0ABCAA2138106D006E1807 /* FeedVC */ = {
			isa = PBXGroup;
			children = (
				8D0ABCB22138166D006E1807 /* Adapter */,
				8D0ABCAB2138107A006E1807 /* Views */,
				8D0ABCAD21381375006E1807 /* FeedVC.swift */,
				8D0ABCB92138193D006E1807 /* FeedViewModel.swift */,
			);
			path = FeedVC;
			sourceTree = "<group>";
		};
		8D0ABCAB2138107A006E1807 /* Views */ = {
			isa = PBXGroup;
			children = (
				8D0ABCAC21381081006E1807 /* Cells */,
			);
			path = Views;
			sourceTree = "<group>";
		};
		8D0ABCAC21381081006E1807 /* Cells */ = {
			isa = PBXGroup;
			children = (
			);
			path = Cells;
			sourceTree = "<group>";
		};
		8D0ABCAF213813A2006E1807 /* Managers */ = {
			isa = PBXGroup;
			children = (
				8D0ABCB021381490006E1807 /* ApiManager.swift */,
			);
			path = Managers;
			sourceTree = "<group>";
		};
		8D0ABCB22138166D006E1807 /* Adapter */ = {
			isa = PBXGroup;
			children = (
				8D0ABCB321381684006E1807 /* FeedAdapter.swift */,
			);
			path = Adapter;
			sourceTree = "<group>";
		};
		8D0ABCB5213816A3006E1807 /* Classes */ = {
			isa = PBXGroup;
			children = (
				8D0ABCB6213816B0006E1807 /* Common */,
				8D0ABCAF213813A2006E1807 /* Managers */,
			);
			path = Classes;
			sourceTree = "<group>";
		};
		8D0ABCB6213816B0006E1807 /* Common */ = {
			isa = PBXGroup;
			children = (
				8D0ABCB7213816C3006E1807 /* Feed.swift */,
			);
			path = Common;
			sourceTree = "<group>";
		};
		EE649CDC6873E7D2CC7A5665 /* Pods */ = {
			isa = PBXGroup;
			children = (
				92BB9CFACCDFF6C924F3A63F /* Pods-DTF Feed Client.debug.xcconfig */,
				4DAA1B0E49DC58B27D694F0A /* Pods-DTF Feed Client.release.xcconfig */,
			);
			name = Pods;
			sourceTree = "<group>";
		};
/* End PBXGroup section */

/* Begin PBXNativeTarget section */
		8D0ABC9121380FEF006E1807 /* DTF Feed Client */ = {
			isa = PBXNativeTarget;
			buildConfigurationList = 8D0ABCA421380FF1006E1807 /* Build configuration list for PBXNativeTarget "DTF Feed Client" */;
			buildPhases = (
				0EC1C87378E70B34B02CA586 /* [CP] Check Pods Manifest.lock */,
				8D0ABC8E21380FEF006E1807 /* Sources */,
				8D0ABC8F21380FEF006E1807 /* Frameworks */,
				8D0ABC9021380FEF006E1807 /* Resources */,
				6427A70A26ACF4658C7AC796 /* [CP] Embed Pods Frameworks */,
			);
			buildRules = (
			);
			dependencies = (
			);
			name = "DTF Feed Client";
			productName = "DTF Feed Client";
			productReference = 8D0ABC9221380FEF006E1807 /* DTF Feed Client.app */;
			productType = "com.apple.product-type.application";
		};
/* End PBXNativeTarget section */

/* Begin PBXProject section */
		8D0ABC8A21380FEF006E1807 /* Project object */ = {
			isa = PBXProject;
			attributes = {
				LastSwiftUpdateCheck = 0940;
				LastUpgradeCheck = 0940;
				ORGANIZATIONNAME = "Максим Деханов";
				TargetAttributes = {
					8D0ABC9121380FEF006E1807 = {
						CreatedOnToolsVersion = 9.4.1;
					};
				};
			};
			buildConfigurationList = 8D0ABC8D21380FEF006E1807 /* Build configuration list for PBXProject "DTF Feed Client" */;
			compatibilityVersion = "Xcode 9.3";
			developmentRegion = en;
			hasScannedForEncodings = 0;
			knownRegions = (
				en,
				Base,
			);
			mainGroup = 8D0ABC8921380FEF006E1807;
			productRefGroup = 8D0ABC9321380FEF006E1807 /* Products */;
			projectDirPath = "";
			projectRoot = "";
			targets = (
				8D0ABC9121380FEF006E1807 /* DTF Feed Client */,
			);
		};
/* End PBXProject section */

/* Begin PBXResourcesBuildPhase section */
		8D0ABC9021380FEF006E1807 /* Resources */ = {
			isa = PBXResourcesBuildPhase;
			buildActionMask = 2147483647;
			files = (
				8D0ABCA021380FF1006E1807 /* LaunchScreen.storyboard in Resources */,
				8D0ABC9D21380FF1006E1807 /* Assets.xcassets in Resources */,
				8D0ABC9B21380FEF006E1807 /* Main.storyboard in Resources */,
			);
			runOnlyForDeploymentPostprocessing = 0;
		};
/* End PBXResourcesBuildPhase section */

/* Begin PBXShellScriptBuildPhase section */
		0EC1C87378E70B34B02CA586 /* [CP] Check Pods Manifest.lock */ = {
			isa = PBXShellScriptBuildPhase;
			buildActionMask = 2147483647;
			files = (
			);
			inputPaths = (
				"${PODS_PODFILE_DIR_PATH}/Podfile.lock",
				"${PODS_ROOT}/Manifest.lock",
			);
			name = "[CP] Check Pods Manifest.lock";
			outputPaths = (
				"$(DERIVED_FILE_DIR)/Pods-DTF Feed Client-checkManifestLockResult.txt",
			);
			runOnlyForDeploymentPostprocessing = 0;
			shellPath = /bin/sh;
			shellScript = "diff \"${PODS_PODFILE_DIR_PATH}/Podfile.lock\" \"${PODS_ROOT}/Manifest.lock\" > /dev/null\nif [ $? != 0 ] ; then\n    # print error to STDERR\n    echo \"error: The sandbox is not in sync with the Podfile.lock. Run 'pod install' or update your CocoaPods installation.\" >&2\n    exit 1\nfi\n# This output is used by Xcode 'outputs' to avoid re-running this script phase.\necho \"SUCCESS\" > \"${SCRIPT_OUTPUT_FILE_0}\"\n";
			showEnvVarsInLog = 0;
		};
		6427A70A26ACF4658C7AC796 /* [CP] Embed Pods Frameworks */ = {
			isa = PBXShellScriptBuildPhase;
			buildActionMask = 2147483647;
			files = (
			);
			inputPaths = (
				"${SRCROOT}/Pods/Target Support Files/Pods-DTF Feed Client/Pods-DTF Feed Client-frameworks.sh",
				"${BUILT_PRODUCTS_DIR}/AEXML/AEXML.framework",
				"${BUILT_PRODUCTS_DIR}/Alamofire/Alamofire.framework",
			);
			name = "[CP] Embed Pods Frameworks";
			outputPaths = (
				"${TARGET_BUILD_DIR}/${FRAMEWORKS_FOLDER_PATH}/AEXML.framework",
				"${TARGET_BUILD_DIR}/${FRAMEWORKS_FOLDER_PATH}/Alamofire.framework",
			);
			runOnlyForDeploymentPostprocessing = 0;
			shellPath = /bin/sh;
			shellScript = "\"${SRCROOT}/Pods/Target Support Files/Pods-DTF Feed Client/Pods-DTF Feed Client-frameworks.sh\"\n";
			showEnvVarsInLog = 0;
		};
/* End PBXShellScriptBuildPhase section */

/* Begin PBXSourcesBuildPhase section */
		8D0ABC8E21380FEF006E1807 /* Sources */ = {
			isa = PBXSourcesBuildPhase;
			buildActionMask = 2147483647;
			files = (
				8D0ABCAE21381375006E1807 /* FeedVC.swift in Sources */,
				8D0ABCB8213816C3006E1807 /* Feed.swift in Sources */,
				8D0ABCBA2138193D006E1807 /* FeedViewModel.swift in Sources */,
				8D0ABCB421381684006E1807 /* FeedAdapter.swift in Sources */,
				8D0ABCB121381490006E1807 /* ApiManager.swift in Sources */,
				8D0ABC9621380FEF006E1807 /* AppDelegate.swift in Sources */,
			);
			runOnlyForDeploymentPostprocessing = 0;
		};
/* End PBXSourcesBuildPhase section */

/* Begin PBXVariantGroup section */
		8D0ABC9921380FEF006E1807 /* Main.storyboard */ = {
			isa = PBXVariantGroup;
			children = (
				8D0ABC9A21380FEF006E1807 /* Base */,
			);
			name = Main.storyboard;
			sourceTree = "<group>";
		};
		8D0ABC9E21380FF1006E1807 /* LaunchScreen.storyboard */ = {
			isa = PBXVariantGroup;
			children = (
				8D0ABC9F21380FF1006E1807 /* Base */,
			);
			name = LaunchScreen.storyboard;
			sourceTree = "<group>";
		};
/* End PBXVariantGroup section */

/* Begin XCBuildConfiguration section */
		8D0ABCA221380FF1006E1807 /* Debug */ = {
			isa = XCBuildConfiguration;
			buildSettings = {
				ALWAYS_SEARCH_USER_PATHS = NO;
				CLANG_ANALYZER_NONNULL = YES;
				CLANG_ANALYZER_NUMBER_OBJECT_CONVERSION = YES_AGGRESSIVE;
				CLANG_CXX_LANGUAGE_STANDARD = "gnu++14";
				CLANG_CXX_LIBRARY = "libc++";
				CLANG_ENABLE_MODULES = YES;
				CLANG_ENABLE_OBJC_ARC = YES;
				CLANG_ENABLE_OBJC_WEAK = YES;
				CLANG_WARN_BLOCK_CAPTURE_AUTORELEASING = YES;
				CLANG_WARN_BOOL_CONVERSION = YES;
				CLANG_WARN_COMMA = YES;
				CLANG_WARN_CONSTANT_CONVERSION = YES;
				CLANG_WARN_DEPRECATED_OBJC_IMPLEMENTATIONS = YES;
				CLANG_WARN_DIRECT_OBJC_ISA_USAGE = YES_ERROR;
				CLANG_WARN_DOCUMENTATION_COMMENTS = YES;
				CLANG_WARN_EMPTY_BODY = YES;
				CLANG_WARN_ENUM_CONVERSION = YES;
				CLANG_WARN_INFINITE_RECURSION = YES;
				CLANG_WARN_INT_CONVERSION = YES;
				CLANG_WARN_NON_LITERAL_NULL_CONVERSION = YES;
				CLANG_WARN_OBJC_IMPLICIT_RETAIN_SELF = YES;
				CLANG_WARN_OBJC_LITERAL_CONVERSION = YES;
				CLANG_WARN_OBJC_ROOT_CLASS = YES_ERROR;
				CLANG_WARN_RANGE_LOOP_ANALYSIS = YES;
				CLANG_WARN_STRICT_PROTOTYPES = YES;
				CLANG_WARN_SUSPICIOUS_MOVE = YES;
				CLANG_WARN_UNGUARDED_AVAILABILITY = YES_AGGRESSIVE;
				CLANG_WARN_UNREACHABLE_CODE = YES;
				CLANG_WARN__DUPLICATE_METHOD_MATCH = YES;
				CODE_SIGN_IDENTITY = "iPhone Developer";
				COPY_PHASE_STRIP = NO;
				DEBUG_INFORMATION_FORMAT = dwarf;
				ENABLE_STRICT_OBJC_MSGSEND = YES;
				ENABLE_TESTABILITY = YES;
				GCC_C_LANGUAGE_STANDARD = gnu11;
				GCC_DYNAMIC_NO_PIC = NO;
				GCC_NO_COMMON_BLOCKS = YES;
				GCC_OPTIMIZATION_LEVEL = 0;
				GCC_PREPROCESSOR_DEFINITIONS = (
					"DEBUG=1",
					"$(inherited)",
				);
				GCC_WARN_64_TO_32_BIT_CONVERSION = YES;
				GCC_WARN_ABOUT_RETURN_TYPE = YES_ERROR;
				GCC_WARN_UNDECLARED_SELECTOR = YES;
				GCC_WARN_UNINITIALIZED_AUTOS = YES_AGGRESSIVE;
				GCC_WARN_UNUSED_FUNCTION = YES;
				GCC_WARN_UNUSED_VARIABLE = YES;
				IPHONEOS_DEPLOYMENT_TARGET = 11.4;
				MTL_ENABLE_DEBUG_INFO = YES;
				ONLY_ACTIVE_ARCH = YES;
				SDKROOT = iphoneos;
				SWIFT_ACTIVE_COMPILATION_CONDITIONS = DEBUG;
				SWIFT_OPTIMIZATION_LEVEL = "-Onone";
			};
			name = Debug;
		};
		8D0ABCA321380FF1006E1807 /* Release */ = {
			isa = XCBuildConfiguration;
			buildSettings = {
				ALWAYS_SEARCH_USER_PATHS = NO;
				CLANG_ANALYZER_NONNULL = YES;
				CLANG_ANALYZER_NUMBER_OBJECT_CONVERSION = YES_AGGRESSIVE;
				CLANG_CXX_LANGUAGE_STANDARD = "gnu++14";
				CLANG_CXX_LIBRARY = "libc++";
				CLANG_ENABLE_MODULES = YES;
				CLANG_ENABLE_OBJC_ARC = YES;
				CLANG_ENABLE_OBJC_WEAK = YES;
				CLANG_WARN_BLOCK_CAPTURE_AUTORELEASING = YES;
				CLANG_WARN_BOOL_CONVERSION = YES;
				CLANG_WARN_COMMA = YES;
				CLANG_WARN_CONSTANT_CONVERSION = YES;
				CLANG_WARN_DEPRECATED_OBJC_IMPLEMENTATIONS = YES;
				CLANG_WARN_DIRECT_OBJC_ISA_USAGE = YES_ERROR;
				CLANG_WARN_DOCUMENTATION_COMMENTS = YES;
				CLANG_WARN_EMPTY_BODY = YES;
				CLANG_WARN_ENUM_CONVERSION = YES;
				CLANG_WARN_INFINITE_RECURSION = YES;
				CLANG_WARN_INT_CONVERSION = YES;
				CLANG_WARN_NON_LITERAL_NULL_CONVERSION = YES;
				CLANG_WARN_OBJC_IMPLICIT_RETAIN_SELF = YES;
				CLANG_WARN_OBJC_LITERAL_CONVERSION = YES;
				CLANG_WARN_OBJC_ROOT_CLASS = YES_ERROR;
				CLANG_WARN_RANGE_LOOP_ANALYSIS = YES;
				CLANG_WARN_STRICT_PROTOTYPES = YES;
				CLANG_WARN_SUSPICIOUS_MOVE = YES;
				CLANG_WARN_UNGUARDED_AVAILABILITY = YES_AGGRESSIVE;
				CLANG_WARN_UNREACHABLE_CODE = YES;
				CLANG_WARN__DUPLICATE_METHOD_MATCH = YES;
				CODE_SIGN_IDENTITY = "iPhone Developer";
				COPY_PHASE_STRIP = NO;
				DEBUG_INFORMATION_FORMAT = "dwarf-with-dsym";
				ENABLE_NS_ASSERTIONS = NO;
				ENABLE_STRICT_OBJC_MSGSEND = YES;
				GCC_C_LANGUAGE_STANDARD = gnu11;
				GCC_NO_COMMON_BLOCKS = YES;
				GCC_WARN_64_TO_32_BIT_CONVERSION = YES;
				GCC_WARN_ABOUT_RETURN_TYPE = YES_ERROR;
				GCC_WARN_UNDECLARED_SELECTOR = YES;
				GCC_WARN_UNINITIALIZED_AUTOS = YES_AGGRESSIVE;
				GCC_WARN_UNUSED_FUNCTION = YES;
				GCC_WARN_UNUSED_VARIABLE = YES;
				IPHONEOS_DEPLOYMENT_TARGET = 11.4;
				MTL_ENABLE_DEBUG_INFO = NO;
				SDKROOT = iphoneos;
				SWIFT_COMPILATION_MODE = wholemodule;
				SWIFT_OPTIMIZATION_LEVEL = "-O";
				VALIDATE_PRODUCT = YES;
			};
			name = Release;
		};
		8D0ABCA521380FF1006E1807 /* Debug */ = {
			isa = XCBuildConfiguration;
			baseConfigurationReference = 92BB9CFACCDFF6C924F3A63F /* Pods-DTF Feed Client.debug.xcconfig */;
			buildSettings = {
				ASSETCATALOG_COMPILER_APPICON_NAME = AppIcon;
				CODE_SIGN_STYLE = Automatic;
				DEVELOPMENT_TEAM = LZU28TF445;
				INFOPLIST_FILE = "DTF Feed Client/Info.plist";
				LD_RUNPATH_SEARCH_PATHS = (
					"$(inherited)",
					"@executable_path/Frameworks",
				);
				PRODUCT_BUNDLE_IDENTIFIER = "MDCorp.DTF-Feed-Client";
				PRODUCT_NAME = "$(TARGET_NAME)";
				SWIFT_VERSION = 4.0;
				TARGETED_DEVICE_FAMILY = "1,2";
			};
			name = Debug;
		};
		8D0ABCA621380FF1006E1807 /* Release */ = {
			isa = XCBuildConfiguration;
			baseConfigurationReference = 4DAA1B0E49DC58B27D694F0A /* Pods-DTF Feed Client.release.xcconfig */;
			buildSettings = {
				ASSETCATALOG_COMPILER_APPICON_NAME = AppIcon;
				CODE_SIGN_STYLE = Automatic;
				DEVELOPMENT_TEAM = LZU28TF445;
				INFOPLIST_FILE = "DTF Feed Client/Info.plist";
				LD_RUNPATH_SEARCH_PATHS = (
					"$(inherited)",
					"@executable_path/Frameworks",
				);
				PRODUCT_BUNDLE_IDENTIFIER = "MDCorp.DTF-Feed-Client";
				PRODUCT_NAME = "$(TARGET_NAME)";
				SWIFT_VERSION = 4.0;
				TARGETED_DEVICE_FAMILY = "1,2";
			};
			name = Release;
		};
/* End XCBuildConfiguration section */

/* Begin XCConfigurationList section */
		8D0ABC8D21380FEF006E1807 /* Build configuration list for PBXProject "DTF Feed Client" */ = {
			isa = XCConfigurationList;
			buildConfigurations = (
				8D0ABCA221380FF1006E1807 /* Debug */,
				8D0ABCA321380FF1006E1807 /* Release */,
			);
			defaultConfigurationIsVisible = 0;
			defaultConfigurationName = Release;
		};
		8D0ABCA421380FF1006E1807 /* Build configuration list for PBXNativeTarget "DTF Feed Client" */ = {
			isa = XCConfigurationList;
			buildConfigurations = (
				8D0ABCA521380FF1006E1807 /* Debug */,
				8D0ABCA621380FF1006E1807 /* Release */,
			);
			defaultConfigurationIsVisible = 0;
			defaultConfigurationName = Release;
		};
/* End XCConfigurationList section */
	};
	rootObject = 8D0ABC8A21380FEF006E1807 /* Project object */;
}
